
Microsoft Visual Studio Solution File, Format Version 12.00
# Visual Studio Version 16
VisualStudioVersion = 16.0.31729.503
MinimumVisualStudioVersion = 10.0.40219.1
Project("{FAE04EC0-301F-11D3-BF4B-00C04F79EFBC}") = "Tarea_4", "Tarea_4\Tarea_4.csproj", "{41A92AAF-894D-48ED-B054-BC84FADDB82A}"
EndProject
Global
	GlobalSection(SolutionConfigurationPlatforms) = preSolution
		Debug|Any CPU = Debug|Any CPU
		Release|Any CPU = Release|Any CPU
	EndGlobalSection
	GlobalSection(ProjectConfigurationPlatforms) = postSolution
		{41A92AAF-894D-48ED-B054-BC84FADDB82A}.Debug|Any CPU.ActiveCfg = Debug|Any CPU
		{41A92AAF-894D-48ED-B054-BC84FADDB82A}.Debug|Any CPU.Build.0 = Debug|Any CPU
		{41A92AAF-894D-48ED-B054-BC84FADDB82A}.Release|Any CPU.ActiveCfg = Release|Any CPU
		{41A92AAF-894D-48ED-B054-BC84FADDB82A}.Release|Any CPU.Build.0 = Release|Any CPU
	EndGlobalSection
	GlobalSection(SolutionProperties) = preSolution
		HideSolutionNode = FALSE
	EndGlobalSection
	GlobalSection(ExtensibilityGlobals) = postSolution
		SolutionGuid = {64009E0D-C4CE-446C-8AF1-880815112F06}
	EndGlobalSection
EndGlobal
